{
  "name": "contexto",
  "version": "1.0.0",
  "lockfileVersion": 1,
  "requires": true,
  "dependencies": {
    "flystyles": {
      "version": "1.2.11",
      "resolved": "https://registry.npmjs.org/flystyles/-/flystyles-1.2.11.tgz",
      "integrity": "sha512-AEIG1PSbePSa3wBXcXRlviCV084C2fASwu8QRlbcroncYvJTAOQinypKbCyBaqePKuWVQiuN8Uhkze1vzVLtSA==",
      "dev": true
    }
  }
}
